// !$*UTF8*$!
{
	archiveVersion = 1;
	classes = {
	};
	objectVersion = 50;
	objects = {

/* Begin PBXBuildFile section */
		5E28A72E265754D2002902F3 /* BillDetails.swift in Sources */ = {isa = PBXBuildFile; fileRef = 5E28A72D265754D2002902F3 /* BillDetails.swift */; };
		5E3B1EDD264AF45B00360089 /* BillRecords.swift in Sources */ = {isa = PBXBuildFile; fileRef = 5E3B1EDC264AF45B00360089 /* BillRecords.swift */; };
		5E3B1EDF264AF8C200360089 /* PreviousBillSheet.swift in Sources */ = {isa = PBXBuildFile; fileRef = 5E3B1EDE264AF8C200360089 /* PreviousBillSheet.swift */; };
		5E65A4AF264A7B0300FFBF4A /* Symbols.swift in Sources */ = {isa = PBXBuildFile; fileRef = 5E65A4AE264A7B0300FFBF4A /* Symbols.swift */; };
		5E65A4B6264AECCF00FFBF4A /* PersonRow.swift in Sources */ = {isa = PBXBuildFile; fileRef = 5E069098264A6AA800C7B293 /* PersonRow.swift */; };
		5E65A4B7264AECD200FFBF4A /* TipPercentRow.swift in Sources */ = {isa = PBXBuildFile; fileRef = 5E65A4B0264A907300FFBF4A /* TipPercentRow.swift */; };
		5E65A4B8264AECD600FFBF4A /* ContentView.swift in Sources */ = {isa = PBXBuildFile; fileRef = 5E95CB0C2618541400E02B66 /* ContentView.swift */; };
		5E65A4B9264AECD900FFBF4A /* TotalRow.swift in Sources */ = {isa = PBXBuildFile; fileRef = 5E65A4B2264AEA2300FFBF4A /* TotalRow.swift */; };
		5E65A4BA264AECDB00FFBF4A /* CheckAmountRow.swift in Sources */ = {isa = PBXBuildFile; fileRef = 5E65A4AC264A78DE00FFBF4A /* CheckAmountRow.swift */; };
		5E95CB092618541400E02B66 /* AppDelegate.swift in Sources */ = {isa = PBXBuildFile; fileRef = 5E95CB082618541400E02B66 /* AppDelegate.swift */; };
		5E95CB0B2618541400E02B66 /* SceneDelegate.swift in Sources */ = {isa = PBXBuildFile; fileRef = 5E95CB0A2618541400E02B66 /* SceneDelegate.swift */; };
		5E95CB0F2618541C00E02B66 /* Assets.xcassets in Resources */ = {isa = PBXBuildFile; fileRef = 5E95CB0E2618541C00E02B66 /* Assets.xcassets */; };
		5E95CB122618541C00E02B66 /* Preview Assets.xcassets in Resources */ = {isa = PBXBuildFile; fileRef = 5E95CB112618541C00E02B66 /* Preview Assets.xcassets */; };
		5E95CB152618541C00E02B66 /* LaunchScreen.storyboard in Resources */ = {isa = PBXBuildFile; fileRef = 5E95CB132618541C00E02B66 /* LaunchScreen.storyboard */; };
/* End PBXBuildFile section */

/* Begin PBXFileReference section */
		5E069098264A6AA800C7B293 /* PersonRow.swift */ = {isa = PBXFileReference; lastKnownFileType = sourcecode.swift; path = PersonRow.swift; sourceTree = "<group>"; };
		5E28A72D265754D2002902F3 /* BillDetails.swift */ = {isa = PBXFileReference; lastKnownFileType = sourcecode.swift; path = BillDetails.swift; sourceTree = "<group>"; };
		5E3B1EDC264AF45B00360089 /* BillRecords.swift */ = {isa = PBXFileReference; lastKnownFileType = sourcecode.swift; name = BillRecords.swift; path = "Bill Split/View/BillRecords.swift"; sourceTree = SOURCE_ROOT; };
		5E3B1EDE264AF8C200360089 /* PreviousBillSheet.swift */ = {isa = PBXFileReference; lastKnownFileType = sourcecode.swift; path = PreviousBillSheet.swift; sourceTree = SOURCE_ROOT; };
		5E65A4AC264A78DE00FFBF4A /* CheckAmountRow.swift */ = {isa = PBXFileReference; lastKnownFileType = sourcecode.swift; name = CheckAmountRow.swift; path = "/Users/ankitshah/HackingWithSwift/Bill Split/Bill Split/View/CheckAmountRow.swift"; sourceTree = "<absolute>"; };
		5E65A4AE264A7B0300FFBF4A /* Symbols.swift */ = {isa = PBXFileReference; lastKnownFileType = sourcecode.swift; path = Symbols.swift; sourceTree = "<group>"; };
		5E65A4B0264A907300FFBF4A /* TipPercentRow.swift */ = {isa = PBXFileReference; lastKnownFileType = sourcecode.swift; name = TipPercentRow.swift; path = "Bill Split/View/TipPercentRow.swift"; sourceTree = SOURCE_ROOT; };
		5E65A4B2264AEA2300FFBF4A /* TotalRow.swift */ = {isa = PBXFileReference; lastKnownFileType = sourcecode.swift; name = TotalRow.swift; path = "Bill Split/View/TotalRow.swift"; sourceTree = SOURCE_ROOT; };
		5E95CB052618541400E02B66 /* Bill Split.app */ = {isa = PBXFileReference; explicitFileType = wrapper.application; includeInIndex = 0; path = "Bill Split.app"; sourceTree = BUILT_PRODUCTS_DIR; };
		5E95CB082618541400E02B66 /* AppDelegate.swift */ = {isa = PBXFileReference; lastKnownFileType = sourcecode.swift; path = AppDelegate.swift; sourceTree = "<group>"; };
		5E95CB0A2618541400E02B66 /* SceneDelegate.swift */ = {isa = PBXFileReference; lastKnownFileType = sourcecode.swift; path = SceneDelegate.swift; sourceTree = "<group>"; };
		5E95CB0C2618541400E02B66 /* ContentView.swift */ = {isa = PBXFileReference; lastKnownFileType = sourcecode.swift; name = ContentView.swift; path = "Bill Split/View/ContentView.swift"; sourceTree = SOURCE_ROOT; };
		5E95CB0E2618541C00E02B66 /* Assets.xcassets */ = {isa = PBXFileReference; lastKnownFileType = folder.assetcatalog; path = Assets.xcassets; sourceTree = "<group>"; };
		5E95CB112618541C00E02B66 /* Preview Assets.xcassets */ = {isa = PBXFileReference; lastKnownFileType = folder.assetcatalog; path = "Preview Assets.xcassets"; sourceTree = "<group>"; };
		5E95CB142618541C00E02B66 /* Base */ = {isa = PBXFileReference; lastKnownFileType = file.storyboard; name = Base; path = Base.lproj/LaunchScreen.storyboard; sourceTree = "<group>"; };
		5E95CB162618541C00E02B66 /* Info.plist */ = {isa = PBXFileReference; lastKnownFileType = text.plist.xml; path = Info.plist; sourceTree = "<group>"; };
/* End PBXFileReference section */

/* Begin PBXFrameworksBuildPhase section */
		5E95CB022618541400E02B66 /* Frameworks */ = {
			isa = PBXFrameworksBuildPhase;
			buildActionMask = 2147483647;
			files = (
			);
			runOnlyForDeploymentPostprocessing = 0;
		};
/* End PBXFrameworksBuildPhase section */

/* Begin PBXGroup section */
		5E3B1EDB264AED2300360089 /* Model */ = {
			isa = PBXGroup;
			children = (
				5E3B1EDC264AF45B00360089 /* BillRecords.swift */,
				5E65A4AE264A7B0300FFBF4A /* Symbols.swift */,
			);
			path = Model;
			sourceTree = "<group>";
		};
		5E65A4B4264AEA8500FFBF4A /* App */ = {
			isa = PBXGroup;
			children = (
				5E95CB132618541C00E02B66 /* LaunchScreen.storyboard */,
				5E95CB0A2618541400E02B66 /* SceneDelegate.swift */,
				5E95CB082618541400E02B66 /* AppDelegate.swift */,
			);
			path = App;
			sourceTree = "<group>";
		};
		5E65A4B5264AEA9A00FFBF4A /* View */ = {
			isa = PBXGroup;
			children = (
				5E3B1EDE264AF8C200360089 /* PreviousBillSheet.swift */,
				5E28A72D265754D2002902F3 /* BillDetails.swift */,
				5E069098264A6AA800C7B293 /* PersonRow.swift */,
				5E65A4B0264A907300FFBF4A /* TipPercentRow.swift */,
				5E95CB0C2618541400E02B66 /* ContentView.swift */,
				5E65A4B2264AEA2300FFBF4A /* TotalRow.swift */,
				5E65A4AC264A78DE00FFBF4A /* CheckAmountRow.swift */,
			);
			path = View;
			sourceTree = "<group>";
		};
		5E95CAFC2618541400E02B66 = {
			isa = PBXGroup;
			children = (
				5E95CB072618541400E02B66 /* Bill Split */,
				5E95CB062618541400E02B66 /* Products */,
			);
			sourceTree = "<group>";
		};
		5E95CB062618541400E02B66 /* Products */ = {
			isa = PBXGroup;
			children = (
				5E95CB052618541400E02B66 /* Bill Split.app */,
			);
			name = Products;
			sourceTree = "<group>";
		};
		5E95CB072618541400E02B66 /* Bill Split */ = {
			isa = PBXGroup;
			children = (
				5E3B1EDB264AED2300360089 /* Model */,
				5E65A4B5264AEA9A00FFBF4A /* View */,
				5E65A4B4264AEA8500FFBF4A /* App */,
				5E95CB0E2618541C00E02B66 /* Assets.xcassets */,
				5E95CB162618541C00E02B66 /* Info.plist */,
				5E95CB102618541C00E02B66 /* Preview Content */,
			);
			path = "Bill Split";
			sourceTree = "<group>";
		};
		5E95CB102618541C00E02B66 /* Preview Content */ = {
			isa = PBXGroup;
			children = (
				5E95CB112618541C00E02B66 /* Preview Assets.xcassets */,
			);
			path = "Preview Content";
			sourceTree = "<group>";
		};
/* End PBXGroup section */

/* Begin PBXNativeTarget section */
		5E95CB042618541400E02B66 /* Bill Split */ = {
			isa = PBXNativeTarget;
			buildConfigurationList = 5E95CB192618541C00E02B66 /* Build configuration list for PBXNativeTarget "Bill Split" */;
			buildPhases = (
				5E95CB012618541400E02B66 /* Sources */,
				5E95CB022618541400E02B66 /* Frameworks */,
				5E95CB032618541400E02B66 /* Resources */,
			);
			buildRules = (
			);
			dependencies = (
			);
			name = "Bill Split";
			productName = "Bill Split";
			productReference = 5E95CB052618541400E02B66 /* Bill Split.app */;
			productType = "com.apple.product-type.application";
		};
/* End PBXNativeTarget section */

/* Begin PBXProject section */
		5E95CAFD2618541400E02B66 /* Project object */ = {
			isa = PBXProject;
			attributes = {
				LastSwiftUpdateCheck = 1240;
				LastUpgradeCheck = 1240;
				TargetAttributes = {
					5E95CB042618541400E02B66 = {
						CreatedOnToolsVersion = 12.4;
					};
				};
			};
			buildConfigurationList = 5E95CB002618541400E02B66 /* Build configuration list for PBXProject "Bill Split" */;
			compatibilityVersion = "Xcode 9.3";
			developmentRegion = en;
			hasScannedForEncodings = 0;
			knownRegions = (
				en,
				Base,
			);
			mainGroup = 5E95CAFC2618541400E02B66;
			productRefGroup = 5E95CB062618541400E02B66 /* Products */;
			projectDirPath = "";
			projectRoot = "";
			targets = (
				5E95CB042618541400E02B66 /* Bill Split */,
			);
		};
/* End PBXProject section */

/* Begin PBXResourcesBuildPhase section */
		5E95CB032618541400E02B66 /* Resources */ = {
			isa = PBXResourcesBuildPhase;
			buildActionMask = 2147483647;
			files = (
				5E95CB152618541C00E02B66 /* LaunchScreen.storyboard in Resources */,
				5E95CB122618541C00E02B66 /* Preview Assets.xcassets in Resources */,
				5E95CB0F2618541C00E02B66 /* Assets.xcassets in Resources */,
			);
			runOnlyForDeploymentPostprocessing = 0;
		};
/* End PBXResourcesBuildPhase section */

/* Begin PBXSourcesBuildPhase section */
		5E95CB012618541400E02B66 /* Sources */ = {
			isa = PBXSourcesBuildPhase;
			buildActionMask = 2147483647;
			files = (
				5E95CB092618541400E02B66 /* AppDelegate.swift in Sources */,
				5E65A4BA264AECDB00FFBF4A /* CheckAmountRow.swift in Sources */,
				5E65A4B6264AECCF00FFBF4A /* PersonRow.swift in Sources */,
				5E65A4B8264AECD600FFBF4A /* ContentView.swift in Sources */,
				5E3B1EDD264AF45B00360089 /* BillRecords.swift in Sources */,
				5E95CB0B2618541400E02B66 /* SceneDelegate.swift in Sources */,
				5E65A4B7264AECD200FFBF4A /* TipPercentRow.swift in Sources */,
				5E3B1EDF264AF8C200360089 /* PreviousBillSheet.swift in Sources */,
				5E28A72E265754D2002902F3 /* BillDetails.swift in Sources */,
				5E65A4B9264AECD900FFBF4A /* TotalRow.swift in Sources */,
				5E65A4AF264A7B0300FFBF4A /* Symbols.swift in Sources */,
			);
			runOnlyForDeploymentPostprocessing = 0;
		};
/* End PBXSourcesBuildPhase section */

/* Begin PBXVariantGroup section */
		5E95CB132618541C00E02B66 /* LaunchScreen.storyboard */ = {
			isa = PBXVariantGroup;
			children = (
				5E95CB142618541C00E02B66 /* Base */,
			);
			name = LaunchScreen.storyboard;
			sourceTree = "<group>";
		};
/* End PBXVariantGroup section */

/* Begin XCBuildConfiguration section */
		5E95CB172618541C00E02B66 /* Debug */ = {
			isa = XCBuildConfiguration;
			buildSettings = {
				ALWAYS_SEARCH_USER_PATHS = NO;
				CLANG_ANALYZER_NONNULL = YES;
				CLANG_ANALYZER_NUMBER_OBJECT_CONVERSION = YES_AGGRESSIVE;
				CLANG_CXX_LANGUAGE_STANDARD = "gnu++14";
				CLANG_CXX_LIBRARY = "libc++";
				CLANG_ENABLE_MODULES = YES;
				CLANG_ENABLE_OBJC_ARC = YES;
				CLANG_ENABLE_OBJC_WEAK = YES;
				CLANG_WARN_BLOCK_CAPTURE_AUTORELEASING = YES;
				CLANG_WARN_BOOL_CONVERSION = YES;
				CLANG_WARN_COMMA = YES;
				CLANG_WARN_CONSTANT_CONVERSION = YES;
				CLANG_WARN_DEPRECATED_OBJC_IMPLEMENTATIONS = YES;
				CLANG_WARN_DIRECT_OBJC_ISA_USAGE = YES_ERROR;
				CLANG_WARN_DOCUMENTATION_COMMENTS = YES;
				CLANG_WARN_EMPTY_BODY = YES;
				CLANG_WARN_ENUM_CONVERSION = YES;
				CLANG_WARN_INFINITE_RECURSION = YES;
				CLANG_WARN_INT_CONVERSION = YES;
				CLANG_WARN_NON_LITERAL_NULL_CONVERSION = YES;
				CLANG_WARN_OBJC_IMPLICIT_RETAIN_SELF = YES;
				CLANG_WARN_OBJC_LITERAL_CONVERSION = YES;
				CLANG_WARN_OBJC_ROOT_CLASS = YES_ERROR;
				CLANG_WARN_QUOTED_INCLUDE_IN_FRAMEWORK_HEADER = YES;
				CLANG_WARN_RANGE_LOOP_ANALYSIS = YES;
				CLANG_WARN_STRICT_PROTOTYPES = YES;
				CLANG_WARN_SUSPICIOUS_MOVE = YES;
				CLANG_WARN_UNGUARDED_AVAILABILITY = YES_AGGRESSIVE;
				CLANG_WARN_UNREACHABLE_CODE = YES;
				CLANG_WARN__DUPLICATE_METHOD_MATCH = YES;
				COPY_PHASE_STRIP = NO;
				DEBUG_INFORMATION_FORMAT = dwarf;
				ENABLE_STRICT_OBJC_MSGSEND = YES;
				ENABLE_TESTABILITY = YES;
				GCC_C_LANGUAGE_STANDARD = gnu11;
				GCC_DYNAMIC_NO_PIC = NO;
				GCC_NO_COMMON_BLOCKS = YES;
				GCC_OPTIMIZATION_LEVEL = 0;
				GCC_PREPROCESSOR_DEFINITIONS = (
					"DEBUG=1",
					"$(inherited)",
				);
				GCC_WARN_64_TO_32_BIT_CONVERSION = YES;
				GCC_WARN_ABOUT_RETURN_TYPE = YES_ERROR;
				GCC_WARN_UNDECLARED_SELECTOR = YES;
				GCC_WARN_UNINITIALIZED_AUTOS = YES_AGGRESSIVE;
				GCC_WARN_UNUSED_FUNCTION = YES;
				GCC_WARN_UNUSED_VARIABLE = YES;
				IPHONEOS_DEPLOYMENT_TARGET = 14.1;
				MTL_ENABLE_DEBUG_INFO = INCLUDE_SOURCE;
				MTL_FAST_MATH = YES;
				ONLY_ACTIVE_ARCH = YES;
				SDKROOT = iphoneos;
				SWIFT_ACTIVE_COMPILATION_CONDITIONS = DEBUG;
				SWIFT_OPTIMIZATION_LEVEL = "-Onone";
			};
			name = Debug;
		};
		5E95CB182618541C00E02B66 /* Release */ = {
			isa = XCBuildConfiguration;
			buildSettings = {
				ALWAYS_SEARCH_USER_PATHS = NO;
				CLANG_ANALYZER_NONNULL = YES;
				CLANG_ANALYZER_NUMBER_OBJECT_CONVERSION = YES_AGGRESSIVE;
				CLANG_CXX_LANGUAGE_STANDARD = "gnu++14";
				CLANG_CXX_LIBRARY = "libc++";
				CLANG_ENABLE_MODULES = YES;
				CLANG_ENABLE_OBJC_ARC = YES;
				CLANG_ENABLE_OBJC_WEAK = YES;
				CLANG_WARN_BLOCK_CAPTURE_AUTORELEASING = YES;
				CLANG_WARN_BOOL_CONVERSION = YES;
				CLANG_WARN_COMMA = YES;
				CLANG_WARN_CONSTANT_CONVERSION = YES;
				CLANG_WARN_DEPRECATED_OBJC_IMPLEMENTATIONS = YES;
				CLANG_WARN_DIRECT_OBJC_ISA_USAGE = YES_ERROR;
				CLANG_WARN_DOCUMENTATION_COMMENTS = YES;
				CLANG_WARN_EMPTY_BODY = YES;
				CLANG_WARN_ENUM_CONVERSION = YES;
				CLANG_WARN_INFINITE_RECURSION = YES;
				CLANG_WARN_INT_CONVERSION = YES;
				CLANG_WARN_NON_LITERAL_NULL_CONVERSION = YES;
				CLANG_WARN_OBJC_IMPLICIT_RETAIN_SELF = YES;
				CLANG_WARN_OBJC_LITERAL_CONVERSION = YES;
				CLANG_WARN_OBJC_ROOT_CLASS = YES_ERROR;
				CLANG_WARN_QUOTED_INCLUDE_IN_FRAMEWORK_HEADER = YES;
				CLANG_WARN_RANGE_LOOP_ANALYSIS = YES;
				CLANG_WARN_STRICT_PROTOTYPES = YES;
				CLANG_WARN_SUSPICIOUS_MOVE = YES;
				CLANG_WARN_UNGUARDED_AVAILABILITY = YES_AGGRESSIVE;
				CLANG_WARN_UNREACHABLE_CODE = YES;
				CLANG_WARN__DUPLICATE_METHOD_MATCH = YES;
				COPY_PHASE_STRIP = NO;
				DEBUG_INFORMATION_FORMAT = "dwarf-with-dsym";
				ENABLE_NS_ASSERTIONS = NO;
				ENABLE_STRICT_OBJC_MSGSEND = YES;
				GCC_C_LANGUAGE_STANDARD = gnu11;
				GCC_NO_COMMON_BLOCKS = YES;
				GCC_WARN_64_TO_32_BIT_CONVERSION = YES;
				GCC_WARN_ABOUT_RETURN_TYPE = YES_ERROR;
				GCC_WARN_UNDECLARED_SELECTOR = YES;
				GCC_WARN_UNINITIALIZED_AUTOS = YES_AGGRESSIVE;
				GCC_WARN_UNUSED_FUNCTION = YES;
				GCC_WARN_UNUSED_VARIABLE = YES;
				IPHONEOS_DEPLOYMENT_TARGET = 14.1;
				MTL_ENABLE_DEBUG_INFO = NO;
				MTL_FAST_MATH = YES;
				SDKROOT = iphoneos;
				SWIFT_COMPILATION_MODE = wholemodule;
				SWIFT_OPTIMIZATION_LEVEL = "-O";
				VALIDATE_PRODUCT = YES;
			};
			name = Release;
		};
		5E95CB1A2618541C00E02B66 /* Debug */ = {
			isa = XCBuildConfiguration;
			buildSettings = {
				ASSETCATALOG_COMPILER_APPICON_NAME = AppIcon;
				ASSETCATALOG_COMPILER_GLOBAL_ACCENT_COLOR_NAME = AccentColor;
				CODE_SIGN_STYLE = Automatic;
				DEVELOPMENT_ASSET_PATHS = "\"Bill Split/Preview Content\"";
				DEVELOPMENT_TEAM = AGLVH5X59M;
				ENABLE_PREVIEWS = YES;
				INFOPLIST_FILE = "Bill Split/Info.plist";
				IPHONEOS_DEPLOYMENT_TARGET = 14.1;
				LD_RUNPATH_SEARCH_PATHS = (
					"$(inherited)",
					"@executable_path/Frameworks",
				);
				MARKETING_VERSION = 1.03;
				PRODUCT_BUNDLE_IDENTIFIER = shah.ankit2013.BillSplit;
				PRODUCT_NAME = "$(TARGET_NAME)";
				SWIFT_VERSION = 5.0;
				TARGETED_DEVICE_FAMILY = 1;
			};
			name = Debug;
		};
		5E95CB1B2618541C00E02B66 /* Release */ = {
			isa = XCBuildConfiguration;
			buildSettings = {
				ASSETCATALOG_COMPILER_APPICON_NAME = AppIcon;
				ASSETCATALOG_COMPILER_GLOBAL_ACCENT_COLOR_NAME = AccentColor;
				CODE_SIGN_STYLE = Automatic;
				DEVELOPMENT_ASSET_PATHS = "\"Bill Split/Preview Content\"";
				DEVELOPMENT_TEAM = AGLVH5X59M;
				ENABLE_PREVIEWS = YES;
				INFOPLIST_FILE = "Bill Split/Info.plist";
				IPHONEOS_DEPLOYMENT_TARGET = 14.1;
				LD_RUNPATH_SEARCH_PATHS = (
					"$(inherited)",
					"@executable_path/Frameworks",
				);
				MARKETING_VERSION = 1.03;
				PRODUCT_BUNDLE_IDENTIFIER = shah.ankit2013.BillSplit;
				PRODUCT_NAME = "$(TARGET_NAME)";
				SWIFT_VERSION = 5.0;
				TARGETED_DEVICE_FAMILY = 1;
			};
			name = Release;
		};
/* End XCBuildConfiguration section */

/* Begin XCConfigurationList section */
		5E95CB002618541400E02B66 /* Build configuration list for PBXProject "Bill Split" */ = {
			isa = XCConfigurationList;
			buildConfigurations = (
				5E95CB172618541C00E02B66 /* Debug */,
				5E95CB182618541C00E02B66 /* Release */,
			);
			defaultConfigurationIsVisible = 0;
			defaultConfigurationName = Release;
		};
		5E95CB192618541C00E02B66 /* Build configuration list for PBXNativeTarget "Bill Split" */ = {
			isa = XCConfigurationList;
			buildConfigurations = (
				5E95CB1A2618541C00E02B66 /* Debug */,
				5E95CB1B2618541C00E02B66 /* Release */,
			);
			defaultConfigurationIsVisible = 0;
			defaultConfigurationName = Release;
		};
/* End XCConfigurationList section */
	};
	rootObject = 5E95CAFD2618541400E02B66 /* Project object */;
}
